
Microsoft Visual Studio Solution File, Format Version 12.00
# Visual Studio Version 17
VisualStudioVersion = 17.5.33424.131
MinimumVisualStudioVersion = 10.0.40219.1
Project("{2150E333-8FDC-42A3-9474-1A3956D46DE8}") = "src", "src", "{AC6D2E2E-A2B2-4036-BBFB-47D2DCC20FD5}"
EndProject
Project("{9A19103F-16F7-4668-BE54-9A1E7A4F7556}") = "ExcelObjectMapper", "src\ExcelObjectMapper\ExcelObjectMapper.csproj", "{F3465B9C-DBF5-47F3-9D33-77EDEE804E15}"
EndProject
Project("{2150E333-8FDC-42A3-9474-1A3956D46DE8}") = "Solution Items", "Solution Items", "{A3B48713-45A8-487F-A2AE-5CAEA98FFCF0}"
	ProjectSection(SolutionItems) = preProject
		nuget.config = nuget.config
		README.md = README.md
	EndProjectSection
EndProject
Global
	GlobalSection(SolutionConfigurationPlatforms) = preSolution
		Debug|Any CPU = Debug|Any CPU
		Release|Any CPU = Release|Any CPU
	EndGlobalSection
	GlobalSection(ProjectConfigurationPlatforms) = postSolution
		{F3465B9C-DBF5-47F3-9D33-77EDEE804E15}.Debug|Any CPU.ActiveCfg = Debug|Any CPU
		{F3465B9C-DBF5-47F3-9D33-77EDEE804E15}.Debug|Any CPU.Build.0 = Debug|Any CPU
		{F3465B9C-DBF5-47F3-9D33-77EDEE804E15}.Release|Any CPU.ActiveCfg = Release|Any CPU
		{F3465B9C-DBF5-47F3-9D33-77EDEE804E15}.Release|Any CPU.Build.0 = Release|Any CPU
	EndGlobalSection
	GlobalSection(SolutionProperties) = preSolution
		HideSolutionNode = FALSE
	EndGlobalSection
	GlobalSection(NestedProjects) = preSolution
		{F3465B9C-DBF5-47F3-9D33-77EDEE804E15} = {AC6D2E2E-A2B2-4036-BBFB-47D2DCC20FD5}
	EndGlobalSection
	GlobalSection(ExtensibilityGlobals) = postSolution
		SolutionGuid = {96D53DF1-315E-4651-A7BF-C71F7A5802DC}
	EndGlobalSection
EndGlobal
